
Microsoft Visual Studio Solution File, Format Version 12.00
# Visual Studio 14
VisualStudioVersion = 14.0.23107.0
MinimumVisualStudioVersion = 10.0.40219.1
Project("{FAE04EC0-301F-11D3-BF4B-00C04F79EFBC}") = "Crisp", "Crisp\Crisp.csproj", "{809929B5-0646-4120-B0D9-A69EB59354D5}"
	ProjectSection(ProjectDependencies) = postProject
		{59FFFF07-CE44-47C8-8A48-E0D70E7A989F} = {59FFFF07-CE44-47C8-8A48-E0D70E7A989F}
	EndProjectSection
EndProject
Project("{FAE04EC0-301F-11D3-BF4B-00C04F79EFBC}") = "Crisp.Core", "Crisp.Core\Crisp.Core.csproj", "{6AB9A6EC-742D-4B88-9A22-58E3C98DA464}"
EndProject
Project("{FAE04EC0-301F-11D3-BF4B-00C04F79EFBC}") = "Crisp.Visualization", "Crisp.Visualization\Crisp.Visualization.csproj", "{EE206D73-5474-4B04-924E-B85DA171BBCD}"
EndProject
Project("{FAE04EC0-301F-11D3-BF4B-00C04F79EFBC}") = "Crisp.Core.Tests", "Crisp.Core.Tests\Crisp.Core.Tests.csproj", "{D7CE2CFB-4153-4F13-A91C-41FA84E4F2B2}"
EndProject
Project("{FAE04EC0-301F-11D3-BF4B-00C04F79EFBC}") = "Crisp.Basic", "Crisp.Basic\Crisp.Basic.csproj", "{CF6DC28D-8A9F-468B-B3D3-1F04C7692975}"
	ProjectSection(ProjectDependencies) = postProject
		{59FFFF07-CE44-47C8-8A48-E0D70E7A989F} = {59FFFF07-CE44-47C8-8A48-E0D70E7A989F}
		{809929B5-0646-4120-B0D9-A69EB59354D5} = {809929B5-0646-4120-B0D9-A69EB59354D5}
	EndProjectSection
EndProject
Project("{FAE04EC0-301F-11D3-BF4B-00C04F79EFBC}") = "Crisp.Basic.Tests", "Crisp.Basic.Tests\Crisp.Basic.Tests.csproj", "{75BFF235-9C98-4934-BAF8-97D3DE0734E3}"
EndProject
Project("{FAE04EC0-301F-11D3-BF4B-00C04F79EFBC}") = "Crisp.String", "Crisp.String\Crisp.String.csproj", "{F494C7EC-8963-4746-88CA-B1EB1E18DEE6}"
	ProjectSection(ProjectDependencies) = postProject
		{59FFFF07-CE44-47C8-8A48-E0D70E7A989F} = {59FFFF07-CE44-47C8-8A48-E0D70E7A989F}
		{809929B5-0646-4120-B0D9-A69EB59354D5} = {809929B5-0646-4120-B0D9-A69EB59354D5}
	EndProjectSection
EndProject
Project("{FAE04EC0-301F-11D3-BF4B-00C04F79EFBC}") = "Packet", "Packet\Packet.csproj", "{59FFFF07-CE44-47C8-8A48-E0D70E7A989F}"
EndProject
Project("{FAE04EC0-301F-11D3-BF4B-00C04F79EFBC}") = "Crisp.IO", "Crisp.IO\Crisp.IO.csproj", "{FD77F47E-4D84-4657-9AE2-5AFC757E729C}"
	ProjectSection(ProjectDependencies) = postProject
		{59FFFF07-CE44-47C8-8A48-E0D70E7A989F} = {59FFFF07-CE44-47C8-8A48-E0D70E7A989F}
		{809929B5-0646-4120-B0D9-A69EB59354D5} = {809929B5-0646-4120-B0D9-A69EB59354D5}
	EndProjectSection
EndProject
Project("{FAE04EC0-301F-11D3-BF4B-00C04F79EFBC}") = "Crisp.Data", "Crisp.Data\Crisp.Data.csproj", "{93252813-55AD-4D1E-9563-24AC298E8314}"
	ProjectSection(ProjectDependencies) = postProject
		{59FFFF07-CE44-47C8-8A48-E0D70E7A989F} = {59FFFF07-CE44-47C8-8A48-E0D70E7A989F}
		{809929B5-0646-4120-B0D9-A69EB59354D5} = {809929B5-0646-4120-B0D9-A69EB59354D5}
	EndProjectSection
EndProject
Project("{2150E333-8FDC-42A3-9474-1A3956D46DE8}") = "Native", "Native", "{85E045A4-0534-4E81-971C-976D8A62FD73}"
EndProject
Project("{FAE04EC0-301F-11D3-BF4B-00C04F79EFBC}") = "Crisp.String.Tests", "Crisp.String.Tests\Crisp.String.Tests.csproj", "{FD95AD55-E377-4937-A455-E71F56143CE4}"
EndProject
Project("{FAE04EC0-301F-11D3-BF4B-00C04F79EFBC}") = "Crisp.Common", "Crisp.Common\Crisp.Common.csproj", "{A7C42FA3-F032-45A6-AF63-83FC77016015}"
EndProject
Global
	GlobalSection(SolutionConfigurationPlatforms) = preSolution
		Debug|Any CPU = Debug|Any CPU
		Release|Any CPU = Release|Any CPU
	EndGlobalSection
	GlobalSection(ProjectConfigurationPlatforms) = postSolution
		{809929B5-0646-4120-B0D9-A69EB59354D5}.Debug|Any CPU.ActiveCfg = Debug|Any CPU
		{809929B5-0646-4120-B0D9-A69EB59354D5}.Debug|Any CPU.Build.0 = Debug|Any CPU
		{809929B5-0646-4120-B0D9-A69EB59354D5}.Release|Any CPU.ActiveCfg = Release|Any CPU
		{809929B5-0646-4120-B0D9-A69EB59354D5}.Release|Any CPU.Build.0 = Release|Any CPU
		{6AB9A6EC-742D-4B88-9A22-58E3C98DA464}.Debug|Any CPU.ActiveCfg = Debug|Any CPU
		{6AB9A6EC-742D-4B88-9A22-58E3C98DA464}.Debug|Any CPU.Build.0 = Debug|Any CPU
		{6AB9A6EC-742D-4B88-9A22-58E3C98DA464}.Release|Any CPU.ActiveCfg = Release|Any CPU
		{6AB9A6EC-742D-4B88-9A22-58E3C98DA464}.Release|Any CPU.Build.0 = Release|Any CPU
		{EE206D73-5474-4B04-924E-B85DA171BBCD}.Debug|Any CPU.ActiveCfg = Debug|Any CPU
		{EE206D73-5474-4B04-924E-B85DA171BBCD}.Debug|Any CPU.Build.0 = Debug|Any CPU
		{EE206D73-5474-4B04-924E-B85DA171BBCD}.Release|Any CPU.ActiveCfg = Release|Any CPU
		{EE206D73-5474-4B04-924E-B85DA171BBCD}.Release|Any CPU.Build.0 = Release|Any CPU
		{D7CE2CFB-4153-4F13-A91C-41FA84E4F2B2}.Debug|Any CPU.ActiveCfg = Debug|Any CPU
		{D7CE2CFB-4153-4F13-A91C-41FA84E4F2B2}.Debug|Any CPU.Build.0 = Debug|Any CPU
		{D7CE2CFB-4153-4F13-A91C-41FA84E4F2B2}.Release|Any CPU.ActiveCfg = Release|Any CPU
		{D7CE2CFB-4153-4F13-A91C-41FA84E4F2B2}.Release|Any CPU.Build.0 = Release|Any CPU
		{CF6DC28D-8A9F-468B-B3D3-1F04C7692975}.Debug|Any CPU.ActiveCfg = Debug|Any CPU
		{CF6DC28D-8A9F-468B-B3D3-1F04C7692975}.Debug|Any CPU.Build.0 = Debug|Any CPU
		{CF6DC28D-8A9F-468B-B3D3-1F04C7692975}.Release|Any CPU.ActiveCfg = Release|Any CPU
		{CF6DC28D-8A9F-468B-B3D3-1F04C7692975}.Release|Any CPU.Build.0 = Release|Any CPU
		{75BFF235-9C98-4934-BAF8-97D3DE0734E3}.Debug|Any CPU.ActiveCfg = Debug|Any CPU
		{75BFF235-9C98-4934-BAF8-97D3DE0734E3}.Debug|Any CPU.Build.0 = Debug|Any CPU
		{75BFF235-9C98-4934-BAF8-97D3DE0734E3}.Release|Any CPU.ActiveCfg = Release|Any CPU
		{75BFF235-9C98-4934-BAF8-97D3DE0734E3}.Release|Any CPU.Build.0 = Release|Any CPU
		{F494C7EC-8963-4746-88CA-B1EB1E18DEE6}.Debug|Any CPU.ActiveCfg = Debug|Any CPU
		{F494C7EC-8963-4746-88CA-B1EB1E18DEE6}.Debug|Any CPU.Build.0 = Debug|Any CPU
		{F494C7EC-8963-4746-88CA-B1EB1E18DEE6}.Release|Any CPU.ActiveCfg = Release|Any CPU
		{F494C7EC-8963-4746-88CA-B1EB1E18DEE6}.Release|Any CPU.Build.0 = Release|Any CPU
		{59FFFF07-CE44-47C8-8A48-E0D70E7A989F}.Debug|Any CPU.ActiveCfg = Debug|Any CPU
		{59FFFF07-CE44-47C8-8A48-E0D70E7A989F}.Debug|Any CPU.Build.0 = Debug|Any CPU
		{59FFFF07-CE44-47C8-8A48-E0D70E7A989F}.Release|Any CPU.ActiveCfg = Release|Any CPU
		{59FFFF07-CE44-47C8-8A48-E0D70E7A989F}.Release|Any CPU.Build.0 = Release|Any CPU
		{FD77F47E-4D84-4657-9AE2-5AFC757E729C}.Debug|Any CPU.ActiveCfg = Debug|Any CPU
		{FD77F47E-4D84-4657-9AE2-5AFC757E729C}.Debug|Any CPU.Build.0 = Debug|Any CPU
		{FD77F47E-4D84-4657-9AE2-5AFC757E729C}.Release|Any CPU.ActiveCfg = Release|Any CPU
		{FD77F47E-4D84-4657-9AE2-5AFC757E729C}.Release|Any CPU.Build.0 = Release|Any CPU
		{93252813-55AD-4D1E-9563-24AC298E8314}.Debug|Any CPU.ActiveCfg = Debug|Any CPU
		{93252813-55AD-4D1E-9563-24AC298E8314}.Debug|Any CPU.Build.0 = Debug|Any CPU
		{93252813-55AD-4D1E-9563-24AC298E8314}.Release|Any CPU.ActiveCfg = Release|Any CPU
		{93252813-55AD-4D1E-9563-24AC298E8314}.Release|Any CPU.Build.0 = Release|Any CPU
		{FD95AD55-E377-4937-A455-E71F56143CE4}.Debug|Any CPU.ActiveCfg = Debug|Any CPU
		{FD95AD55-E377-4937-A455-E71F56143CE4}.Debug|Any CPU.Build.0 = Debug|Any CPU
		{FD95AD55-E377-4937-A455-E71F56143CE4}.Release|Any CPU.ActiveCfg = Release|Any CPU
		{FD95AD55-E377-4937-A455-E71F56143CE4}.Release|Any CPU.Build.0 = Release|Any CPU
		{A7C42FA3-F032-45A6-AF63-83FC77016015}.Debug|Any CPU.ActiveCfg = Debug|Any CPU
		{A7C42FA3-F032-45A6-AF63-83FC77016015}.Debug|Any CPU.Build.0 = Debug|Any CPU
		{A7C42FA3-F032-45A6-AF63-83FC77016015}.Release|Any CPU.ActiveCfg = Release|Any CPU
		{A7C42FA3-F032-45A6-AF63-83FC77016015}.Release|Any CPU.Build.0 = Release|Any CPU
	EndGlobalSection
	GlobalSection(SolutionProperties) = preSolution
		HideSolutionNode = FALSE
	EndGlobalSection
	GlobalSection(NestedProjects) = preSolution
		{CF6DC28D-8A9F-468B-B3D3-1F04C7692975} = {85E045A4-0534-4E81-971C-976D8A62FD73}
		{75BFF235-9C98-4934-BAF8-97D3DE0734E3} = {85E045A4-0534-4E81-971C-976D8A62FD73}
		{F494C7EC-8963-4746-88CA-B1EB1E18DEE6} = {85E045A4-0534-4E81-971C-976D8A62FD73}
		{FD77F47E-4D84-4657-9AE2-5AFC757E729C} = {85E045A4-0534-4E81-971C-976D8A62FD73}
		{93252813-55AD-4D1E-9563-24AC298E8314} = {85E045A4-0534-4E81-971C-976D8A62FD73}
		{FD95AD55-E377-4937-A455-E71F56143CE4} = {85E045A4-0534-4E81-971C-976D8A62FD73}
	EndGlobalSection
EndGlobal
