
Microsoft Visual Studio Solution File, Format Version 12.00
# Visual Studio 14
VisualStudioVersion = 14.0.23107.0
MinimumVisualStudioVersion = 10.0.40219.1
Project("{FAE04EC0-301F-11D3-BF4B-00C04F79EFBC}") = "Crisp", "Crisp\Crisp.csproj", "{809929B5-0646-4120-B0D9-A69EB59354D5}"
EndProject
Project("{FAE04EC0-301F-11D3-BF4B-00C04F79EFBC}") = "Crisp.Core", "Crisp.Core\Crisp.Core.csproj", "{6AB9A6EC-742D-4B88-9A22-58E3C98DA464}"
EndProject
Project("{FAE04EC0-301F-11D3-BF4B-00C04F79EFBC}") = "Crisp.Native", "Crisp.Native\Crisp.Native.csproj", "{96A1A7F6-575F-4922-99EA-166135DA886B}"
EndProject
Project("{FAE04EC0-301F-11D3-BF4B-00C04F79EFBC}") = "Crisp.Visualization", "Crisp.Visualization\Crisp.Visualization.csproj", "{EE206D73-5474-4B04-924E-B85DA171BBCD}"
EndProject
Project("{FAE04EC0-301F-11D3-BF4B-00C04F79EFBC}") = "Crisp.Native.Tests", "Crisp.Native.Tests\Crisp.Native.Tests.csproj", "{9502D296-2BB2-49CD-8608-264D752B7D43}"
EndProject
Project("{FAE04EC0-301F-11D3-BF4B-00C04F79EFBC}") = "Crisp.Core.Tests", "Crisp.Core.Tests\Crisp.Core.Tests.csproj", "{D7CE2CFB-4153-4F13-A91C-41FA84E4F2B2}"
EndProject
Global
	GlobalSection(SolutionConfigurationPlatforms) = preSolution
		Debug|Any CPU = Debug|Any CPU
		Release|Any CPU = Release|Any CPU
	EndGlobalSection
	GlobalSection(ProjectConfigurationPlatforms) = postSolution
		{809929B5-0646-4120-B0D9-A69EB59354D5}.Debug|Any CPU.ActiveCfg = Debug|Any CPU
		{809929B5-0646-4120-B0D9-A69EB59354D5}.Debug|Any CPU.Build.0 = Debug|Any CPU
		{809929B5-0646-4120-B0D9-A69EB59354D5}.Release|Any CPU.ActiveCfg = Release|Any CPU
		{809929B5-0646-4120-B0D9-A69EB59354D5}.Release|Any CPU.Build.0 = Release|Any CPU
		{6AB9A6EC-742D-4B88-9A22-58E3C98DA464}.Debug|Any CPU.ActiveCfg = Debug|Any CPU
		{6AB9A6EC-742D-4B88-9A22-58E3C98DA464}.Debug|Any CPU.Build.0 = Debug|Any CPU
		{6AB9A6EC-742D-4B88-9A22-58E3C98DA464}.Release|Any CPU.ActiveCfg = Release|Any CPU
		{6AB9A6EC-742D-4B88-9A22-58E3C98DA464}.Release|Any CPU.Build.0 = Release|Any CPU
		{96A1A7F6-575F-4922-99EA-166135DA886B}.Debug|Any CPU.ActiveCfg = Debug|Any CPU
		{96A1A7F6-575F-4922-99EA-166135DA886B}.Debug|Any CPU.Build.0 = Debug|Any CPU
		{96A1A7F6-575F-4922-99EA-166135DA886B}.Release|Any CPU.ActiveCfg = Release|Any CPU
		{96A1A7F6-575F-4922-99EA-166135DA886B}.Release|Any CPU.Build.0 = Release|Any CPU
		{EE206D73-5474-4B04-924E-B85DA171BBCD}.Debug|Any CPU.ActiveCfg = Debug|Any CPU
		{EE206D73-5474-4B04-924E-B85DA171BBCD}.Debug|Any CPU.Build.0 = Debug|Any CPU
		{EE206D73-5474-4B04-924E-B85DA171BBCD}.Release|Any CPU.ActiveCfg = Release|Any CPU
		{EE206D73-5474-4B04-924E-B85DA171BBCD}.Release|Any CPU.Build.0 = Release|Any CPU
		{9502D296-2BB2-49CD-8608-264D752B7D43}.Debug|Any CPU.ActiveCfg = Debug|Any CPU
		{9502D296-2BB2-49CD-8608-264D752B7D43}.Debug|Any CPU.Build.0 = Debug|Any CPU
		{9502D296-2BB2-49CD-8608-264D752B7D43}.Release|Any CPU.ActiveCfg = Release|Any CPU
		{9502D296-2BB2-49CD-8608-264D752B7D43}.Release|Any CPU.Build.0 = Release|Any CPU
		{D7CE2CFB-4153-4F13-A91C-41FA84E4F2B2}.Debug|Any CPU.ActiveCfg = Debug|Any CPU
		{D7CE2CFB-4153-4F13-A91C-41FA84E4F2B2}.Debug|Any CPU.Build.0 = Debug|Any CPU
		{D7CE2CFB-4153-4F13-A91C-41FA84E4F2B2}.Release|Any CPU.ActiveCfg = Release|Any CPU
		{D7CE2CFB-4153-4F13-A91C-41FA84E4F2B2}.Release|Any CPU.Build.0 = Release|Any CPU
	EndGlobalSection
	GlobalSection(SolutionProperties) = preSolution
		HideSolutionNode = FALSE
	EndGlobalSection
EndGlobal
