
Microsoft Visual Studio Solution File, Format Version 12.00
# Visual Studio 14
VisualStudioVersion = 14.0.23107.0
MinimumVisualStudioVersion = 10.0.40219.1
Project("{FAE04EC0-301F-11D3-BF4B-00C04F79EFBC}") = "Crisp", "Crisp\Crisp.csproj", "{809929B5-0646-4120-B0D9-A69EB59354D5}"
	ProjectSection(ProjectDependencies) = postProject
		{59FFFF07-CE44-47C8-8A48-E0D70E7A989F} = {59FFFF07-CE44-47C8-8A48-E0D70E7A989F}
	EndProjectSection
EndProject
Project("{FAE04EC0-301F-11D3-BF4B-00C04F79EFBC}") = "Crisp.Basic", "Crisp.Basic\Crisp.Basic.csproj", "{CF6DC28D-8A9F-468B-B3D3-1F04C7692975}"
	ProjectSection(ProjectDependencies) = postProject
		{59FFFF07-CE44-47C8-8A48-E0D70E7A989F} = {59FFFF07-CE44-47C8-8A48-E0D70E7A989F}
		{809929B5-0646-4120-B0D9-A69EB59354D5} = {809929B5-0646-4120-B0D9-A69EB59354D5}
	EndProjectSection
EndProject
Project("{FAE04EC0-301F-11D3-BF4B-00C04F79EFBC}") = "Crisp.Basic.Tests", "Crisp.Basic.Tests\Crisp.Basic.Tests.csproj", "{75BFF235-9C98-4934-BAF8-97D3DE0734E3}"
EndProject
Project("{FAE04EC0-301F-11D3-BF4B-00C04F79EFBC}") = "Crisp.String", "Crisp.String\Crisp.String.csproj", "{F494C7EC-8963-4746-88CA-B1EB1E18DEE6}"
	ProjectSection(ProjectDependencies) = postProject
		{59FFFF07-CE44-47C8-8A48-E0D70E7A989F} = {59FFFF07-CE44-47C8-8A48-E0D70E7A989F}
		{809929B5-0646-4120-B0D9-A69EB59354D5} = {809929B5-0646-4120-B0D9-A69EB59354D5}
	EndProjectSection
EndProject
Project("{FAE04EC0-301F-11D3-BF4B-00C04F79EFBC}") = "Packet", "Packet\Packet.csproj", "{59FFFF07-CE44-47C8-8A48-E0D70E7A989F}"
EndProject
Project("{FAE04EC0-301F-11D3-BF4B-00C04F79EFBC}") = "Crisp.IO", "Crisp.IO\Crisp.IO.csproj", "{FD77F47E-4D84-4657-9AE2-5AFC757E729C}"
	ProjectSection(ProjectDependencies) = postProject
		{59FFFF07-CE44-47C8-8A48-E0D70E7A989F} = {59FFFF07-CE44-47C8-8A48-E0D70E7A989F}
		{809929B5-0646-4120-B0D9-A69EB59354D5} = {809929B5-0646-4120-B0D9-A69EB59354D5}
	EndProjectSection
EndProject
Project("{FAE04EC0-301F-11D3-BF4B-00C04F79EFBC}") = "Crisp.Data", "Crisp.Data\Crisp.Data.csproj", "{93252813-55AD-4D1E-9563-24AC298E8314}"
	ProjectSection(ProjectDependencies) = postProject
		{59FFFF07-CE44-47C8-8A48-E0D70E7A989F} = {59FFFF07-CE44-47C8-8A48-E0D70E7A989F}
		{809929B5-0646-4120-B0D9-A69EB59354D5} = {809929B5-0646-4120-B0D9-A69EB59354D5}
	EndProjectSection
EndProject
Project("{2150E333-8FDC-42A3-9474-1A3956D46DE8}") = "Native", "Native", "{85E045A4-0534-4E81-971C-976D8A62FD73}"
EndProject
Project("{FAE04EC0-301F-11D3-BF4B-00C04F79EFBC}") = "Crisp.String.Tests", "Crisp.String.Tests\Crisp.String.Tests.csproj", "{FD95AD55-E377-4937-A455-E71F56143CE4}"
EndProject
Project("{FAE04EC0-301F-11D3-BF4B-00C04F79EFBC}") = "Crisp.Tokenization", "Crisp.Tokenization\Crisp.Tokenization.csproj", "{8BC749DD-D1E6-414B-AEC9-40066E8B9954}"
EndProject
Project("{FAE04EC0-301F-11D3-BF4B-00C04F79EFBC}") = "Crisp.Shared", "Crisp.Shared\Crisp.Shared.csproj", "{037D2AC9-ACA7-42AC-9566-35502F855E7D}"
EndProject
Project("{FAE04EC0-301F-11D3-BF4B-00C04F79EFBC}") = "Crisp.Parsing", "Crisp.Parsing\Crisp.Parsing.csproj", "{68C3E451-5638-49E4-8F17-D2794074D3AE}"
EndProject
Project("{FAE04EC0-301F-11D3-BF4B-00C04F79EFBC}") = "Crisp.Types", "Crisp.Types\Crisp.Types.csproj", "{9B480F6E-E40A-4255-A0A6-5FC016A9C673}"
EndProject
Project("{FAE04EC0-301F-11D3-BF4B-00C04F79EFBC}") = "Crisp.Evaluation", "Crisp.Evaluation\Crisp.Evaluation.csproj", "{E5A749C9-B032-42F5-AED4-DF5017AB62AC}"
EndProject
Project("{FAE04EC0-301F-11D3-BF4B-00C04F79EFBC}") = "Crisp.Runtime", "Crisp.Runtime\Crisp.Runtime.csproj", "{1A088B75-C83F-43AE-9A16-5527E6F34EF6}"
EndProject
Project("{FAE04EC0-301F-11D3-BF4B-00C04F79EFBC}") = "Crisp.IoC", "Crisp.IoC\Crisp.IoC.csproj", "{E649520C-1798-4A3F-A0EE-20AC5873A14F}"
EndProject
Project("{FAE04EC0-301F-11D3-BF4B-00C04F79EFBC}") = "Crisp.Configuration", "Crisp.Configuration\Crisp.Configuration.csproj", "{86E85B62-CEF3-4C87-80E8-1846927A0BEF}"
EndProject
Project("{FAE04EC0-301F-11D3-BF4B-00C04F79EFBC}") = "Crisp.Configuration.Tests", "Crisp.Configuration.Tests\Crisp.Configuration.Tests.csproj", "{0C0AD17A-839B-43E5-9C02-87F6DB060DBD}"
EndProject
Project("{FAE04EC0-301F-11D3-BF4B-00C04F79EFBC}") = "Crisp.Evaluation.Tests", "Crisp.Evaluation.Tests\Crisp.Evaluation.Tests.csproj", "{851D8E41-FF23-4490-BF1F-8E5D1AF451E5}"
EndProject
Project("{FAE04EC0-301F-11D3-BF4B-00C04F79EFBC}") = "Crisp.Interfaces", "Crisp.Interfaces\Crisp.Interfaces.csproj", "{12B92742-736F-4502-BD77-FCFB81E7B53C}"
EndProject
Project("{FAE04EC0-301F-11D3-BF4B-00C04F79EFBC}") = "Crisp.Parsing.Tests", "Crisp.Parsing.Tests\Crisp.Parsing.Tests.csproj", "{8E3A8511-EBA8-4DA0-A6DE-7EDDE2112511}"
EndProject
Project("{FAE04EC0-301F-11D3-BF4B-00C04F79EFBC}") = "Crisp.Enums", "Crisp.Enums\Crisp.Enums.csproj", "{D935E594-C506-4B9E-BF71-684E7F1A1560}"
EndProject
Project("{FAE04EC0-301F-11D3-BF4B-00C04F79EFBC}") = "Crisp.Tokenization.Tests", "Crisp.Tokenization.Tests\Crisp.Tokenization.Tests.csproj", "{0A40C3EA-EA1F-4F83-874F-46A17AEA7C82}"
EndProject
Project("{FAE04EC0-301F-11D3-BF4B-00C04F79EFBC}") = "Crisp.Testing.Common", "Crisp.Testing.Common\Crisp.Testing.Common.csproj", "{858F214F-BFF4-436D-AAA6-5C664936A670}"
EndProject
Project("{FAE04EC0-301F-11D3-BF4B-00C04F79EFBC}") = "Crisp.Serialization", "Crisp.Serialization\Crisp.Serialization.csproj", "{F5738286-9E8D-4398-9D53-B08A4F239DFA}"
EndProject
Project("{FAE04EC0-301F-11D3-BF4B-00C04F79EFBC}") = "Crisp.Types.Tests", "Crisp.Types.Tests\Crisp.Types.Tests.csproj", "{2A66BBC7-EED4-4FB0-9BA6-4C7930DD27B3}"
EndProject
Global
	GlobalSection(SolutionConfigurationPlatforms) = preSolution
		Debug|Any CPU = Debug|Any CPU
		Release|Any CPU = Release|Any CPU
	EndGlobalSection
	GlobalSection(ProjectConfigurationPlatforms) = postSolution
		{809929B5-0646-4120-B0D9-A69EB59354D5}.Debug|Any CPU.ActiveCfg = Debug|Any CPU
		{809929B5-0646-4120-B0D9-A69EB59354D5}.Debug|Any CPU.Build.0 = Debug|Any CPU
		{809929B5-0646-4120-B0D9-A69EB59354D5}.Release|Any CPU.ActiveCfg = Release|Any CPU
		{809929B5-0646-4120-B0D9-A69EB59354D5}.Release|Any CPU.Build.0 = Release|Any CPU
		{CF6DC28D-8A9F-468B-B3D3-1F04C7692975}.Debug|Any CPU.ActiveCfg = Debug|Any CPU
		{CF6DC28D-8A9F-468B-B3D3-1F04C7692975}.Debug|Any CPU.Build.0 = Debug|Any CPU
		{CF6DC28D-8A9F-468B-B3D3-1F04C7692975}.Release|Any CPU.ActiveCfg = Release|Any CPU
		{CF6DC28D-8A9F-468B-B3D3-1F04C7692975}.Release|Any CPU.Build.0 = Release|Any CPU
		{75BFF235-9C98-4934-BAF8-97D3DE0734E3}.Debug|Any CPU.ActiveCfg = Debug|Any CPU
		{75BFF235-9C98-4934-BAF8-97D3DE0734E3}.Debug|Any CPU.Build.0 = Debug|Any CPU
		{75BFF235-9C98-4934-BAF8-97D3DE0734E3}.Release|Any CPU.ActiveCfg = Release|Any CPU
		{75BFF235-9C98-4934-BAF8-97D3DE0734E3}.Release|Any CPU.Build.0 = Release|Any CPU
		{F494C7EC-8963-4746-88CA-B1EB1E18DEE6}.Debug|Any CPU.ActiveCfg = Debug|Any CPU
		{F494C7EC-8963-4746-88CA-B1EB1E18DEE6}.Debug|Any CPU.Build.0 = Debug|Any CPU
		{F494C7EC-8963-4746-88CA-B1EB1E18DEE6}.Release|Any CPU.ActiveCfg = Release|Any CPU
		{F494C7EC-8963-4746-88CA-B1EB1E18DEE6}.Release|Any CPU.Build.0 = Release|Any CPU
		{59FFFF07-CE44-47C8-8A48-E0D70E7A989F}.Debug|Any CPU.ActiveCfg = Debug|Any CPU
		{59FFFF07-CE44-47C8-8A48-E0D70E7A989F}.Debug|Any CPU.Build.0 = Debug|Any CPU
		{59FFFF07-CE44-47C8-8A48-E0D70E7A989F}.Release|Any CPU.ActiveCfg = Release|Any CPU
		{59FFFF07-CE44-47C8-8A48-E0D70E7A989F}.Release|Any CPU.Build.0 = Release|Any CPU
		{FD77F47E-4D84-4657-9AE2-5AFC757E729C}.Debug|Any CPU.ActiveCfg = Debug|Any CPU
		{FD77F47E-4D84-4657-9AE2-5AFC757E729C}.Debug|Any CPU.Build.0 = Debug|Any CPU
		{FD77F47E-4D84-4657-9AE2-5AFC757E729C}.Release|Any CPU.ActiveCfg = Release|Any CPU
		{FD77F47E-4D84-4657-9AE2-5AFC757E729C}.Release|Any CPU.Build.0 = Release|Any CPU
		{93252813-55AD-4D1E-9563-24AC298E8314}.Debug|Any CPU.ActiveCfg = Debug|Any CPU
		{93252813-55AD-4D1E-9563-24AC298E8314}.Debug|Any CPU.Build.0 = Debug|Any CPU
		{93252813-55AD-4D1E-9563-24AC298E8314}.Release|Any CPU.ActiveCfg = Release|Any CPU
		{93252813-55AD-4D1E-9563-24AC298E8314}.Release|Any CPU.Build.0 = Release|Any CPU
		{FD95AD55-E377-4937-A455-E71F56143CE4}.Debug|Any CPU.ActiveCfg = Debug|Any CPU
		{FD95AD55-E377-4937-A455-E71F56143CE4}.Debug|Any CPU.Build.0 = Debug|Any CPU
		{FD95AD55-E377-4937-A455-E71F56143CE4}.Release|Any CPU.ActiveCfg = Release|Any CPU
		{FD95AD55-E377-4937-A455-E71F56143CE4}.Release|Any CPU.Build.0 = Release|Any CPU
		{8BC749DD-D1E6-414B-AEC9-40066E8B9954}.Debug|Any CPU.ActiveCfg = Debug|Any CPU
		{8BC749DD-D1E6-414B-AEC9-40066E8B9954}.Debug|Any CPU.Build.0 = Debug|Any CPU
		{8BC749DD-D1E6-414B-AEC9-40066E8B9954}.Release|Any CPU.ActiveCfg = Release|Any CPU
		{8BC749DD-D1E6-414B-AEC9-40066E8B9954}.Release|Any CPU.Build.0 = Release|Any CPU
		{037D2AC9-ACA7-42AC-9566-35502F855E7D}.Debug|Any CPU.ActiveCfg = Debug|Any CPU
		{037D2AC9-ACA7-42AC-9566-35502F855E7D}.Debug|Any CPU.Build.0 = Debug|Any CPU
		{037D2AC9-ACA7-42AC-9566-35502F855E7D}.Release|Any CPU.ActiveCfg = Release|Any CPU
		{037D2AC9-ACA7-42AC-9566-35502F855E7D}.Release|Any CPU.Build.0 = Release|Any CPU
		{68C3E451-5638-49E4-8F17-D2794074D3AE}.Debug|Any CPU.ActiveCfg = Debug|Any CPU
		{68C3E451-5638-49E4-8F17-D2794074D3AE}.Debug|Any CPU.Build.0 = Debug|Any CPU
		{68C3E451-5638-49E4-8F17-D2794074D3AE}.Release|Any CPU.ActiveCfg = Release|Any CPU
		{68C3E451-5638-49E4-8F17-D2794074D3AE}.Release|Any CPU.Build.0 = Release|Any CPU
		{9B480F6E-E40A-4255-A0A6-5FC016A9C673}.Debug|Any CPU.ActiveCfg = Debug|Any CPU
		{9B480F6E-E40A-4255-A0A6-5FC016A9C673}.Debug|Any CPU.Build.0 = Debug|Any CPU
		{9B480F6E-E40A-4255-A0A6-5FC016A9C673}.Release|Any CPU.ActiveCfg = Release|Any CPU
		{9B480F6E-E40A-4255-A0A6-5FC016A9C673}.Release|Any CPU.Build.0 = Release|Any CPU
		{E5A749C9-B032-42F5-AED4-DF5017AB62AC}.Debug|Any CPU.ActiveCfg = Debug|Any CPU
		{E5A749C9-B032-42F5-AED4-DF5017AB62AC}.Debug|Any CPU.Build.0 = Debug|Any CPU
		{E5A749C9-B032-42F5-AED4-DF5017AB62AC}.Release|Any CPU.ActiveCfg = Release|Any CPU
		{E5A749C9-B032-42F5-AED4-DF5017AB62AC}.Release|Any CPU.Build.0 = Release|Any CPU
		{1A088B75-C83F-43AE-9A16-5527E6F34EF6}.Debug|Any CPU.ActiveCfg = Debug|Any CPU
		{1A088B75-C83F-43AE-9A16-5527E6F34EF6}.Debug|Any CPU.Build.0 = Debug|Any CPU
		{1A088B75-C83F-43AE-9A16-5527E6F34EF6}.Release|Any CPU.ActiveCfg = Release|Any CPU
		{1A088B75-C83F-43AE-9A16-5527E6F34EF6}.Release|Any CPU.Build.0 = Release|Any CPU
		{E649520C-1798-4A3F-A0EE-20AC5873A14F}.Debug|Any CPU.ActiveCfg = Debug|Any CPU
		{E649520C-1798-4A3F-A0EE-20AC5873A14F}.Debug|Any CPU.Build.0 = Debug|Any CPU
		{E649520C-1798-4A3F-A0EE-20AC5873A14F}.Release|Any CPU.ActiveCfg = Release|Any CPU
		{E649520C-1798-4A3F-A0EE-20AC5873A14F}.Release|Any CPU.Build.0 = Release|Any CPU
		{86E85B62-CEF3-4C87-80E8-1846927A0BEF}.Debug|Any CPU.ActiveCfg = Debug|Any CPU
		{86E85B62-CEF3-4C87-80E8-1846927A0BEF}.Debug|Any CPU.Build.0 = Debug|Any CPU
		{86E85B62-CEF3-4C87-80E8-1846927A0BEF}.Release|Any CPU.ActiveCfg = Release|Any CPU
		{86E85B62-CEF3-4C87-80E8-1846927A0BEF}.Release|Any CPU.Build.0 = Release|Any CPU
		{0C0AD17A-839B-43E5-9C02-87F6DB060DBD}.Debug|Any CPU.ActiveCfg = Debug|Any CPU
		{0C0AD17A-839B-43E5-9C02-87F6DB060DBD}.Debug|Any CPU.Build.0 = Debug|Any CPU
		{0C0AD17A-839B-43E5-9C02-87F6DB060DBD}.Release|Any CPU.ActiveCfg = Release|Any CPU
		{0C0AD17A-839B-43E5-9C02-87F6DB060DBD}.Release|Any CPU.Build.0 = Release|Any CPU
		{851D8E41-FF23-4490-BF1F-8E5D1AF451E5}.Debug|Any CPU.ActiveCfg = Debug|Any CPU
		{851D8E41-FF23-4490-BF1F-8E5D1AF451E5}.Debug|Any CPU.Build.0 = Debug|Any CPU
		{851D8E41-FF23-4490-BF1F-8E5D1AF451E5}.Release|Any CPU.ActiveCfg = Release|Any CPU
		{851D8E41-FF23-4490-BF1F-8E5D1AF451E5}.Release|Any CPU.Build.0 = Release|Any CPU
		{12B92742-736F-4502-BD77-FCFB81E7B53C}.Debug|Any CPU.ActiveCfg = Debug|Any CPU
		{12B92742-736F-4502-BD77-FCFB81E7B53C}.Debug|Any CPU.Build.0 = Debug|Any CPU
		{12B92742-736F-4502-BD77-FCFB81E7B53C}.Release|Any CPU.ActiveCfg = Release|Any CPU
		{12B92742-736F-4502-BD77-FCFB81E7B53C}.Release|Any CPU.Build.0 = Release|Any CPU
		{8E3A8511-EBA8-4DA0-A6DE-7EDDE2112511}.Debug|Any CPU.ActiveCfg = Debug|Any CPU
		{8E3A8511-EBA8-4DA0-A6DE-7EDDE2112511}.Debug|Any CPU.Build.0 = Debug|Any CPU
		{8E3A8511-EBA8-4DA0-A6DE-7EDDE2112511}.Release|Any CPU.ActiveCfg = Release|Any CPU
		{8E3A8511-EBA8-4DA0-A6DE-7EDDE2112511}.Release|Any CPU.Build.0 = Release|Any CPU
		{D935E594-C506-4B9E-BF71-684E7F1A1560}.Debug|Any CPU.ActiveCfg = Debug|Any CPU
		{D935E594-C506-4B9E-BF71-684E7F1A1560}.Debug|Any CPU.Build.0 = Debug|Any CPU
		{D935E594-C506-4B9E-BF71-684E7F1A1560}.Release|Any CPU.ActiveCfg = Release|Any CPU
		{D935E594-C506-4B9E-BF71-684E7F1A1560}.Release|Any CPU.Build.0 = Release|Any CPU
		{0A40C3EA-EA1F-4F83-874F-46A17AEA7C82}.Debug|Any CPU.ActiveCfg = Debug|Any CPU
		{0A40C3EA-EA1F-4F83-874F-46A17AEA7C82}.Debug|Any CPU.Build.0 = Debug|Any CPU
		{0A40C3EA-EA1F-4F83-874F-46A17AEA7C82}.Release|Any CPU.ActiveCfg = Release|Any CPU
		{0A40C3EA-EA1F-4F83-874F-46A17AEA7C82}.Release|Any CPU.Build.0 = Release|Any CPU
		{858F214F-BFF4-436D-AAA6-5C664936A670}.Debug|Any CPU.ActiveCfg = Debug|Any CPU
		{858F214F-BFF4-436D-AAA6-5C664936A670}.Debug|Any CPU.Build.0 = Debug|Any CPU
		{858F214F-BFF4-436D-AAA6-5C664936A670}.Release|Any CPU.ActiveCfg = Release|Any CPU
		{858F214F-BFF4-436D-AAA6-5C664936A670}.Release|Any CPU.Build.0 = Release|Any CPU
		{F5738286-9E8D-4398-9D53-B08A4F239DFA}.Debug|Any CPU.ActiveCfg = Debug|Any CPU
		{F5738286-9E8D-4398-9D53-B08A4F239DFA}.Debug|Any CPU.Build.0 = Debug|Any CPU
		{F5738286-9E8D-4398-9D53-B08A4F239DFA}.Release|Any CPU.ActiveCfg = Release|Any CPU
		{F5738286-9E8D-4398-9D53-B08A4F239DFA}.Release|Any CPU.Build.0 = Release|Any CPU
		{2A66BBC7-EED4-4FB0-9BA6-4C7930DD27B3}.Debug|Any CPU.ActiveCfg = Debug|Any CPU
		{2A66BBC7-EED4-4FB0-9BA6-4C7930DD27B3}.Debug|Any CPU.Build.0 = Debug|Any CPU
		{2A66BBC7-EED4-4FB0-9BA6-4C7930DD27B3}.Release|Any CPU.ActiveCfg = Release|Any CPU
		{2A66BBC7-EED4-4FB0-9BA6-4C7930DD27B3}.Release|Any CPU.Build.0 = Release|Any CPU
	EndGlobalSection
	GlobalSection(SolutionProperties) = preSolution
		HideSolutionNode = FALSE
	EndGlobalSection
	GlobalSection(NestedProjects) = preSolution
		{CF6DC28D-8A9F-468B-B3D3-1F04C7692975} = {85E045A4-0534-4E81-971C-976D8A62FD73}
		{75BFF235-9C98-4934-BAF8-97D3DE0734E3} = {85E045A4-0534-4E81-971C-976D8A62FD73}
		{F494C7EC-8963-4746-88CA-B1EB1E18DEE6} = {85E045A4-0534-4E81-971C-976D8A62FD73}
		{FD77F47E-4D84-4657-9AE2-5AFC757E729C} = {85E045A4-0534-4E81-971C-976D8A62FD73}
		{93252813-55AD-4D1E-9563-24AC298E8314} = {85E045A4-0534-4E81-971C-976D8A62FD73}
		{FD95AD55-E377-4937-A455-E71F56143CE4} = {85E045A4-0534-4E81-971C-976D8A62FD73}
	EndGlobalSection
EndGlobal
